// !$*UTF8*$!
{
	archiveVersion = 1;
	classes = {
	};
	objectVersion = 55;
	objects = {

/* Begin PBXBuildFile section */
		637C58BA272C875900895ACC /* InzidenzMonitor WatchKit App.app in Embed Watch Content */ = {isa = PBXBuildFile; fileRef = 637C58B9272C875900895ACC /* InzidenzMonitor WatchKit App.app */; settings = {ATTRIBUTES = (RemoveHeadersOnCopy, ); }; };
		637C58BF272C875B00895ACC /* Assets.xcassets in Resources */ = {isa = PBXBuildFile; fileRef = 637C58BE272C875B00895ACC /* Assets.xcassets */; };
		637C58C5272C875B00895ACC /* InzidenzMonitor WatchKit Extension.appex in Embed App Extensions */ = {isa = PBXBuildFile; fileRef = 637C58C4272C875B00895ACC /* InzidenzMonitor WatchKit Extension.appex */; settings = {ATTRIBUTES = (RemoveHeadersOnCopy, ); }; };
		637C58CA272C875B00895ACC /* InzidenzMonitorApp.swift in Sources */ = {isa = PBXBuildFile; fileRef = 637C58C9272C875B00895ACC /* InzidenzMonitorApp.swift */; };
		637C58CC272C875B00895ACC /* ContentView.swift in Sources */ = {isa = PBXBuildFile; fileRef = 637C58CB272C875B00895ACC /* ContentView.swift */; };
		637C58CE272C875B00895ACC /* NotificationController.swift in Sources */ = {isa = PBXBuildFile; fileRef = 637C58CD272C875B00895ACC /* NotificationController.swift */; };
		637C58D0272C875B00895ACC /* NotificationView.swift in Sources */ = {isa = PBXBuildFile; fileRef = 637C58CF272C875B00895ACC /* NotificationView.swift */; };
		637C58D2272C875B00895ACC /* ComplicationController.swift in Sources */ = {isa = PBXBuildFile; fileRef = 637C58D1272C875B00895ACC /* ComplicationController.swift */; };
		637C58D4272C875C00895ACC /* Assets.xcassets in Resources */ = {isa = PBXBuildFile; fileRef = 637C58D3272C875C00895ACC /* Assets.xcassets */; };
		637C58D7272C875C00895ACC /* Preview Assets.xcassets in Resources */ = {isa = PBXBuildFile; fileRef = 637C58D6272C875C00895ACC /* Preview Assets.xcassets */; };
		637C58E3272C875C00895ACC /* InzidenzMonitorTests.swift in Sources */ = {isa = PBXBuildFile; fileRef = 637C58E2272C875C00895ACC /* InzidenzMonitorTests.swift */; };
		637C58ED272C875C00895ACC /* InzidenzMonitorUITests.swift in Sources */ = {isa = PBXBuildFile; fileRef = 637C58EC272C875C00895ACC /* InzidenzMonitorUITests.swift */; };
		637C58EF272C875C00895ACC /* InzidenzMonitorUITestsLaunchTests.swift in Sources */ = {isa = PBXBuildFile; fileRef = 637C58EE272C875C00895ACC /* InzidenzMonitorUITestsLaunchTests.swift */; };
/* End PBXBuildFile section */

/* Begin PBXContainerItemProxy section */
		637C58BB272C875900895ACC /* PBXContainerItemProxy */ = {
			isa = PBXContainerItemProxy;
			containerPortal = 637C58AF272C875900895ACC /* Project object */;
			proxyType = 1;
			remoteGlobalIDString = 637C58B8272C875900895ACC;
			remoteInfo = "InzidenzMonitor WatchKit App";
		};
		637C58C6272C875B00895ACC /* PBXContainerItemProxy */ = {
			isa = PBXContainerItemProxy;
			containerPortal = 637C58AF272C875900895ACC /* Project object */;
			proxyType = 1;
			remoteGlobalIDString = 637C58C3272C875B00895ACC;
			remoteInfo = "InzidenzMonitor WatchKit Extension";
		};
		637C58DF272C875C00895ACC /* PBXContainerItemProxy */ = {
			isa = PBXContainerItemProxy;
			containerPortal = 637C58AF272C875900895ACC /* Project object */;
			proxyType = 1;
			remoteGlobalIDString = 637C58C3272C875B00895ACC;
			remoteInfo = "InzidenzMonitor WatchKit Extension";
		};
		637C58E9272C875C00895ACC /* PBXContainerItemProxy */ = {
			isa = PBXContainerItemProxy;
			containerPortal = 637C58AF272C875900895ACC /* Project object */;
			proxyType = 1;
			remoteGlobalIDString = 637C58B8272C875900895ACC;
			remoteInfo = "InzidenzMonitor WatchKit App";
		};
/* End PBXContainerItemProxy section */

/* Begin PBXCopyFilesBuildPhase section */
		637C58F5272C875C00895ACC /* Embed App Extensions */ = {
			isa = PBXCopyFilesBuildPhase;
			buildActionMask = 2147483647;
			dstPath = "";
			dstSubfolderSpec = 13;
			files = (
				637C58C5272C875B00895ACC /* InzidenzMonitor WatchKit Extension.appex in Embed App Extensions */,
			);
			name = "Embed App Extensions";
			runOnlyForDeploymentPostprocessing = 0;
		};
		637C58F9272C875C00895ACC /* Embed Watch Content */ = {
			isa = PBXCopyFilesBuildPhase;
			buildActionMask = 2147483647;
			dstPath = "$(CONTENTS_FOLDER_PATH)/Watch";
			dstSubfolderSpec = 16;
			files = (
				637C58BA272C875900895ACC /* InzidenzMonitor WatchKit App.app in Embed Watch Content */,
			);
			name = "Embed Watch Content";
			runOnlyForDeploymentPostprocessing = 0;
		};
/* End PBXCopyFilesBuildPhase section */

/* Begin PBXFileReference section */
		637C58B5272C875900895ACC /* InzidenzMonitor.app */ = {isa = PBXFileReference; explicitFileType = wrapper.application; includeInIndex = 0; path = InzidenzMonitor.app; sourceTree = BUILT_PRODUCTS_DIR; };
		637C58B9272C875900895ACC /* InzidenzMonitor WatchKit App.app */ = {isa = PBXFileReference; explicitFileType = wrapper.application; includeInIndex = 0; path = "InzidenzMonitor WatchKit App.app"; sourceTree = BUILT_PRODUCTS_DIR; };
		637C58BE272C875B00895ACC /* Assets.xcassets */ = {isa = PBXFileReference; lastKnownFileType = folder.assetcatalog; path = Assets.xcassets; sourceTree = "<group>"; };
		637C58C4272C875B00895ACC /* InzidenzMonitor WatchKit Extension.appex */ = {isa = PBXFileReference; explicitFileType = "wrapper.app-extension"; includeInIndex = 0; path = "InzidenzMonitor WatchKit Extension.appex"; sourceTree = BUILT_PRODUCTS_DIR; };
		637C58C9272C875B00895ACC /* InzidenzMonitorApp.swift */ = {isa = PBXFileReference; lastKnownFileType = sourcecode.swift; path = InzidenzMonitorApp.swift; sourceTree = "<group>"; };
		637C58CB272C875B00895ACC /* ContentView.swift */ = {isa = PBXFileReference; lastKnownFileType = sourcecode.swift; path = ContentView.swift; sourceTree = "<group>"; };
		637C58CD272C875B00895ACC /* NotificationController.swift */ = {isa = PBXFileReference; lastKnownFileType = sourcecode.swift; path = NotificationController.swift; sourceTree = "<group>"; };
		637C58CF272C875B00895ACC /* NotificationView.swift */ = {isa = PBXFileReference; lastKnownFileType = sourcecode.swift; path = NotificationView.swift; sourceTree = "<group>"; };
		637C58D1272C875B00895ACC /* ComplicationController.swift */ = {isa = PBXFileReference; lastKnownFileType = sourcecode.swift; path = ComplicationController.swift; sourceTree = "<group>"; };
		637C58D3272C875C00895ACC /* Assets.xcassets */ = {isa = PBXFileReference; lastKnownFileType = folder.assetcatalog; path = Assets.xcassets; sourceTree = "<group>"; };
		637C58D6272C875C00895ACC /* Preview Assets.xcassets */ = {isa = PBXFileReference; lastKnownFileType = folder.assetcatalog; path = "Preview Assets.xcassets"; sourceTree = "<group>"; };
		637C58D8272C875C00895ACC /* Info.plist */ = {isa = PBXFileReference; lastKnownFileType = text.plist.xml; path = Info.plist; sourceTree = "<group>"; };
		637C58D9272C875C00895ACC /* PushNotificationPayload.apns */ = {isa = PBXFileReference; lastKnownFileType = text; path = PushNotificationPayload.apns; sourceTree = "<group>"; };
		637C58DE272C875C00895ACC /* InzidenzMonitorTests.xctest */ = {isa = PBXFileReference; explicitFileType = wrapper.cfbundle; includeInIndex = 0; path = InzidenzMonitorTests.xctest; sourceTree = BUILT_PRODUCTS_DIR; };
		637C58E2272C875C00895ACC /* InzidenzMonitorTests.swift */ = {isa = PBXFileReference; lastKnownFileType = sourcecode.swift; path = InzidenzMonitorTests.swift; sourceTree = "<group>"; };
		637C58E8272C875C00895ACC /* InzidenzMonitorUITests.xctest */ = {isa = PBXFileReference; explicitFileType = wrapper.cfbundle; includeInIndex = 0; path = InzidenzMonitorUITests.xctest; sourceTree = BUILT_PRODUCTS_DIR; };
		637C58EC272C875C00895ACC /* InzidenzMonitorUITests.swift */ = {isa = PBXFileReference; lastKnownFileType = sourcecode.swift; path = InzidenzMonitorUITests.swift; sourceTree = "<group>"; };
		637C58EE272C875C00895ACC /* InzidenzMonitorUITestsLaunchTests.swift */ = {isa = PBXFileReference; lastKnownFileType = sourcecode.swift; path = InzidenzMonitorUITestsLaunchTests.swift; sourceTree = "<group>"; };
/* End PBXFileReference section */

/* Begin PBXFrameworksBuildPhase section */
		637C58C1272C875B00895ACC /* Frameworks */ = {
			isa = PBXFrameworksBuildPhase;
			buildActionMask = 2147483647;
			files = (
			);
			runOnlyForDeploymentPostprocessing = 0;
		};
		637C58DB272C875C00895ACC /* Frameworks */ = {
			isa = PBXFrameworksBuildPhase;
			buildActionMask = 2147483647;
			files = (
			);
			runOnlyForDeploymentPostprocessing = 0;
		};
		637C58E5272C875C00895ACC /* Frameworks */ = {
			isa = PBXFrameworksBuildPhase;
			buildActionMask = 2147483647;
			files = (
			);
			runOnlyForDeploymentPostprocessing = 0;
		};
/* End PBXFrameworksBuildPhase section */

/* Begin PBXGroup section */
		637C58AE272C875900895ACC = {
			isa = PBXGroup;
			children = (
				637C58BD272C875900895ACC /* InzidenzMonitor WatchKit App */,
				637C58C8272C875B00895ACC /* InzidenzMonitor WatchKit Extension */,
				637C58E1272C875C00895ACC /* InzidenzMonitorTests */,
				637C58EB272C875C00895ACC /* InzidenzMonitorUITests */,
				637C58B6272C875900895ACC /* Products */,
			);
			sourceTree = "<group>";
		};
		637C58B6272C875900895ACC /* Products */ = {
			isa = PBXGroup;
			children = (
				637C58B5272C875900895ACC /* InzidenzMonitor.app */,
				637C58B9272C875900895ACC /* InzidenzMonitor WatchKit App.app */,
				637C58C4272C875B00895ACC /* InzidenzMonitor WatchKit Extension.appex */,
				637C58DE272C875C00895ACC /* InzidenzMonitorTests.xctest */,
				637C58E8272C875C00895ACC /* InzidenzMonitorUITests.xctest */,
			);
			name = Products;
			sourceTree = "<group>";
		};
		637C58BD272C875900895ACC /* InzidenzMonitor WatchKit App */ = {
			isa = PBXGroup;
			children = (
				637C58BE272C875B00895ACC /* Assets.xcassets */,
			);
			path = "InzidenzMonitor WatchKit App";
			sourceTree = "<group>";
		};
		637C58C8272C875B00895ACC /* InzidenzMonitor WatchKit Extension */ = {
			isa = PBXGroup;
			children = (
				637C58C9272C875B00895ACC /* InzidenzMonitorApp.swift */,
				637C58CB272C875B00895ACC /* ContentView.swift */,
				637C58CD272C875B00895ACC /* NotificationController.swift */,
				637C58CF272C875B00895ACC /* NotificationView.swift */,
				637C58D1272C875B00895ACC /* ComplicationController.swift */,
				637C58D3272C875C00895ACC /* Assets.xcassets */,
				637C58D8272C875C00895ACC /* Info.plist */,
				637C58D9272C875C00895ACC /* PushNotificationPayload.apns */,
				637C58D5272C875C00895ACC /* Preview Content */,
			);
			path = "InzidenzMonitor WatchKit Extension";
			sourceTree = "<group>";
		};
		637C58D5272C875C00895ACC /* Preview Content */ = {
			isa = PBXGroup;
			children = (
				637C58D6272C875C00895ACC /* Preview Assets.xcassets */,
			);
			path = "Preview Content";
			sourceTree = "<group>";
		};
		637C58E1272C875C00895ACC /* InzidenzMonitorTests */ = {
			isa = PBXGroup;
			children = (
				637C58E2272C875C00895ACC /* InzidenzMonitorTests.swift */,
			);
			path = InzidenzMonitorTests;
			sourceTree = "<group>";
		};
		637C58EB272C875C00895ACC /* InzidenzMonitorUITests */ = {
			isa = PBXGroup;
			children = (
				637C58EC272C875C00895ACC /* InzidenzMonitorUITests.swift */,
				637C58EE272C875C00895ACC /* InzidenzMonitorUITestsLaunchTests.swift */,
			);
			path = InzidenzMonitorUITests;
			sourceTree = "<group>";
		};
/* End PBXGroup section */

/* Begin PBXNativeTarget section */
		637C58B4272C875900895ACC /* InzidenzMonitor */ = {
			isa = PBXNativeTarget;
			buildConfigurationList = 637C58FA272C875C00895ACC /* Build configuration list for PBXNativeTarget "InzidenzMonitor" */;
			buildPhases = (
				637C58B3272C875900895ACC /* Resources */,
				637C58F9272C875C00895ACC /* Embed Watch Content */,
			);
			buildRules = (
			);
			dependencies = (
				637C58BC272C875900895ACC /* PBXTargetDependency */,
			);
			name = InzidenzMonitor;
			productName = InzidenzMonitor;
			productReference = 637C58B5272C875900895ACC /* InzidenzMonitor.app */;
			productType = "com.apple.product-type.application.watchapp2-container";
		};
		637C58B8272C875900895ACC /* InzidenzMonitor WatchKit App */ = {
			isa = PBXNativeTarget;
			buildConfigurationList = 637C58F6272C875C00895ACC /* Build configuration list for PBXNativeTarget "InzidenzMonitor WatchKit App" */;
			buildPhases = (
				637C58B7272C875900895ACC /* Resources */,
				637C58F5272C875C00895ACC /* Embed App Extensions */,
			);
			buildRules = (
			);
			dependencies = (
				637C58C7272C875B00895ACC /* PBXTargetDependency */,
			);
			name = "InzidenzMonitor WatchKit App";
			productName = "InzidenzMonitor WatchKit App";
			productReference = 637C58B9272C875900895ACC /* InzidenzMonitor WatchKit App.app */;
			productType = "com.apple.product-type.application.watchapp2";
		};
		637C58C3272C875B00895ACC /* InzidenzMonitor WatchKit Extension */ = {
			isa = PBXNativeTarget;
			buildConfigurationList = 637C58F2272C875C00895ACC /* Build configuration list for PBXNativeTarget "InzidenzMonitor WatchKit Extension" */;
			buildPhases = (
				637C58C0272C875B00895ACC /* Sources */,
				637C58C1272C875B00895ACC /* Frameworks */,
				637C58C2272C875B00895ACC /* Resources */,
			);
			buildRules = (
			);
			dependencies = (
			);
			name = "InzidenzMonitor WatchKit Extension";
			productName = "InzidenzMonitor WatchKit Extension";
			productReference = 637C58C4272C875B00895ACC /* InzidenzMonitor WatchKit Extension.appex */;
			productType = "com.apple.product-type.watchkit2-extension";
		};
		637C58DD272C875C00895ACC /* InzidenzMonitorTests */ = {
			isa = PBXNativeTarget;
			buildConfigurationList = 637C58FD272C875C00895ACC /* Build configuration list for PBXNativeTarget "InzidenzMonitorTests" */;
			buildPhases = (
				637C58DA272C875C00895ACC /* Sources */,
				637C58DB272C875C00895ACC /* Frameworks */,
				637C58DC272C875C00895ACC /* Resources */,
			);
			buildRules = (
			);
			dependencies = (
				637C58E0272C875C00895ACC /* PBXTargetDependency */,
			);
			name = InzidenzMonitorTests;
			productName = InzidenzMonitorTests;
			productReference = 637C58DE272C875C00895ACC /* InzidenzMonitorTests.xctest */;
			productType = "com.apple.product-type.bundle.unit-test";
		};
		637C58E7272C875C00895ACC /* InzidenzMonitorUITests */ = {
			isa = PBXNativeTarget;
			buildConfigurationList = 637C5900272C875C00895ACC /* Build configuration list for PBXNativeTarget "InzidenzMonitorUITests" */;
			buildPhases = (
				637C58E4272C875C00895ACC /* Sources */,
				637C58E5272C875C00895ACC /* Frameworks */,
				637C58E6272C875C00895ACC /* Resources */,
			);
			buildRules = (
			);
			dependencies = (
				637C58EA272C875C00895ACC /* PBXTargetDependency */,
			);
			name = InzidenzMonitorUITests;
			productName = InzidenzMonitorUITests;
			productReference = 637C58E8272C875C00895ACC /* InzidenzMonitorUITests.xctest */;
			productType = "com.apple.product-type.bundle.ui-testing";
		};
/* End PBXNativeTarget section */

/* Begin PBXProject section */
		637C58AF272C875900895ACC /* Project object */ = {
			isa = PBXProject;
			attributes = {
				BuildIndependentTargetsInParallel = 1;
				LastSwiftUpdateCheck = 1310;
				LastUpgradeCheck = 1310;
				TargetAttributes = {
					637C58B4272C875900895ACC = {
						CreatedOnToolsVersion = 13.1;
					};
					637C58B8272C875900895ACC = {
						CreatedOnToolsVersion = 13.1;
					};
					637C58C3272C875B00895ACC = {
						CreatedOnToolsVersion = 13.1;
					};
					637C58DD272C875C00895ACC = {
						CreatedOnToolsVersion = 13.1;
						TestTargetID = 637C58C3272C875B00895ACC;
					};
					637C58E7272C875C00895ACC = {
						CreatedOnToolsVersion = 13.1;
						TestTargetID = 637C58B8272C875900895ACC;
					};
				};
			};
			buildConfigurationList = 637C58B2272C875900895ACC /* Build configuration list for PBXProject "InzidenzMonitor" */;
			compatibilityVersion = "Xcode 13.0";
			developmentRegion = en;
			hasScannedForEncodings = 0;
			knownRegions = (
				en,
				Base,
			);
			mainGroup = 637C58AE272C875900895ACC;
			productRefGroup = 637C58B6272C875900895ACC /* Products */;
			projectDirPath = "";
			projectRoot = "";
			targets = (
				637C58B4272C875900895ACC /* InzidenzMonitor */,
				637C58B8272C875900895ACC /* InzidenzMonitor WatchKit App */,
				637C58C3272C875B00895ACC /* InzidenzMonitor WatchKit Extension */,
				637C58DD272C875C00895ACC /* InzidenzMonitorTests */,
				637C58E7272C875C00895ACC /* InzidenzMonitorUITests */,
			);
		};
/* End PBXProject section */

/* Begin PBXResourcesBuildPhase section */
		637C58B3272C875900895ACC /* Resources */ = {
			isa = PBXResourcesBuildPhase;
			buildActionMask = 2147483647;
			files = (
			);
			runOnlyForDeploymentPostprocessing = 0;
		};
		637C58B7272C875900895ACC /* Resources */ = {
			isa = PBXResourcesBuildPhase;
			buildActionMask = 2147483647;
			files = (
				637C58BF272C875B00895ACC /* Assets.xcassets in Resources */,
			);
			runOnlyForDeploymentPostprocessing = 0;
		};
		637C58C2272C875B00895ACC /* Resources */ = {
			isa = PBXResourcesBuildPhase;
			buildActionMask = 2147483647;
			files = (
				637C58D7272C875C00895ACC /* Preview Assets.xcassets in Resources */,
				637C58D4272C875C00895ACC /* Assets.xcassets in Resources */,
			);
			runOnlyForDeploymentPostprocessing = 0;
		};
		637C58DC272C875C00895ACC /* Resources */ = {
			isa = PBXResourcesBuildPhase;
			buildActionMask = 2147483647;
			files = (
			);
			runOnlyForDeploymentPostprocessing = 0;
		};
		637C58E6272C875C00895ACC /* Resources */ = {
			isa = PBXResourcesBuildPhase;
			buildActionMask = 2147483647;
			files = (
			);
			runOnlyForDeploymentPostprocessing = 0;
		};
/* End PBXResourcesBuildPhase section */

/* Begin PBXSourcesBuildPhase section */
		637C58C0272C875B00895ACC /* Sources */ = {
			isa = PBXSourcesBuildPhase;
			buildActionMask = 2147483647;
			files = (
				637C58CE272C875B00895ACC /* NotificationController.swift in Sources */,
				637C58CC272C875B00895ACC /* ContentView.swift in Sources */,
				637C58D2272C875B00895ACC /* ComplicationController.swift in Sources */,
				637C58CA272C875B00895ACC /* InzidenzMonitorApp.swift in Sources */,
				637C58D0272C875B00895ACC /* NotificationView.swift in Sources */,
			);
			runOnlyForDeploymentPostprocessing = 0;
		};
		637C58DA272C875C00895ACC /* Sources */ = {
			isa = PBXSourcesBuildPhase;
			buildActionMask = 2147483647;
			files = (
				637C58E3272C875C00895ACC /* InzidenzMonitorTests.swift in Sources */,
			);
			runOnlyForDeploymentPostprocessing = 0;
		};
		637C58E4272C875C00895ACC /* Sources */ = {
			isa = PBXSourcesBuildPhase;
			buildActionMask = 2147483647;
			files = (
				637C58EF272C875C00895ACC /* InzidenzMonitorUITestsLaunchTests.swift in Sources */,
				637C58ED272C875C00895ACC /* InzidenzMonitorUITests.swift in Sources */,
			);
			runOnlyForDeploymentPostprocessing = 0;
		};
/* End PBXSourcesBuildPhase section */

/* Begin PBXTargetDependency section */
		637C58BC272C875900895ACC /* PBXTargetDependency */ = {
			isa = PBXTargetDependency;
			target = 637C58B8272C875900895ACC /* InzidenzMonitor WatchKit App */;
			targetProxy = 637C58BB272C875900895ACC /* PBXContainerItemProxy */;
		};
		637C58C7272C875B00895ACC /* PBXTargetDependency */ = {
			isa = PBXTargetDependency;
			target = 637C58C3272C875B00895ACC /* InzidenzMonitor WatchKit Extension */;
			targetProxy = 637C58C6272C875B00895ACC /* PBXContainerItemProxy */;
		};
		637C58E0272C875C00895ACC /* PBXTargetDependency */ = {
			isa = PBXTargetDependency;
			target = 637C58C3272C875B00895ACC /* InzidenzMonitor WatchKit Extension */;
			targetProxy = 637C58DF272C875C00895ACC /* PBXContainerItemProxy */;
		};
		637C58EA272C875C00895ACC /* PBXTargetDependency */ = {
			isa = PBXTargetDependency;
			target = 637C58B8272C875900895ACC /* InzidenzMonitor WatchKit App */;
			targetProxy = 637C58E9272C875C00895ACC /* PBXContainerItemProxy */;
		};
/* End PBXTargetDependency section */

/* Begin XCBuildConfiguration section */
		637C58F0272C875C00895ACC /* Debug */ = {
			isa = XCBuildConfiguration;
			buildSettings = {
				ALWAYS_SEARCH_USER_PATHS = NO;
				CLANG_ANALYZER_NONNULL = YES;
				CLANG_ANALYZER_NUMBER_OBJECT_CONVERSION = YES_AGGRESSIVE;
				CLANG_CXX_LANGUAGE_STANDARD = "gnu++17";
				CLANG_CXX_LIBRARY = "libc++";
				CLANG_ENABLE_MODULES = YES;
				CLANG_ENABLE_OBJC_ARC = YES;
				CLANG_ENABLE_OBJC_WEAK = YES;
				CLANG_WARN_BLOCK_CAPTURE_AUTORELEASING = YES;
				CLANG_WARN_BOOL_CONVERSION = YES;
				CLANG_WARN_COMMA = YES;
				CLANG_WARN_CONSTANT_CONVERSION = YES;
				CLANG_WARN_DEPRECATED_OBJC_IMPLEMENTATIONS = YES;
				CLANG_WARN_DIRECT_OBJC_ISA_USAGE = YES_ERROR;
				CLANG_WARN_DOCUMENTATION_COMMENTS = YES;
				CLANG_WARN_EMPTY_BODY = YES;
				CLANG_WARN_ENUM_CONVERSION = YES;
				CLANG_WARN_INFINITE_RECURSION = YES;
				CLANG_WARN_INT_CONVERSION = YES;
				CLANG_WARN_NON_LITERAL_NULL_CONVERSION = YES;
				CLANG_WARN_OBJC_IMPLICIT_RETAIN_SELF = YES;
				CLANG_WARN_OBJC_LITERAL_CONVERSION = YES;
				CLANG_WARN_OBJC_ROOT_CLASS = YES_ERROR;
				CLANG_WARN_QUOTED_INCLUDE_IN_FRAMEWORK_HEADER = YES;
				CLANG_WARN_RANGE_LOOP_ANALYSIS = YES;
				CLANG_WARN_STRICT_PROTOTYPES = YES;
				CLANG_WARN_SUSPICIOUS_MOVE = YES;
				CLANG_WARN_UNGUARDED_AVAILABILITY = YES_AGGRESSIVE;
				CLANG_WARN_UNREACHABLE_CODE = YES;
				CLANG_WARN__DUPLICATE_METHOD_MATCH = YES;
				COPY_PHASE_STRIP = NO;
				DEBUG_INFORMATION_FORMAT = dwarf;
				ENABLE_STRICT_OBJC_MSGSEND = YES;
				ENABLE_TESTABILITY = YES;
				GCC_C_LANGUAGE_STANDARD = gnu11;
				GCC_DYNAMIC_NO_PIC = NO;
				GCC_NO_COMMON_BLOCKS = YES;
				GCC_OPTIMIZATION_LEVEL = 0;
				GCC_PREPROCESSOR_DEFINITIONS = (
					"DEBUG=1",
					"$(inherited)",
				);
				GCC_WARN_64_TO_32_BIT_CONVERSION = YES;
				GCC_WARN_ABOUT_RETURN_TYPE = YES_ERROR;
				GCC_WARN_UNDECLARED_SELECTOR = YES;
				GCC_WARN_UNINITIALIZED_AUTOS = YES_AGGRESSIVE;
				GCC_WARN_UNUSED_FUNCTION = YES;
				GCC_WARN_UNUSED_VARIABLE = YES;
				MTL_ENABLE_DEBUG_INFO = INCLUDE_SOURCE;
				MTL_FAST_MATH = YES;
				ONLY_ACTIVE_ARCH = YES;
				SDKROOT = iphoneos;
				SWIFT_ACTIVE_COMPILATION_CONDITIONS = DEBUG;
				SWIFT_OPTIMIZATION_LEVEL = "-Onone";
			};
			name = Debug;
		};
		637C58F1272C875C00895ACC /* Release */ = {
			isa = XCBuildConfiguration;
			buildSettings = {
				ALWAYS_SEARCH_USER_PATHS = NO;
				CLANG_ANALYZER_NONNULL = YES;
				CLANG_ANALYZER_NUMBER_OBJECT_CONVERSION = YES_AGGRESSIVE;
				CLANG_CXX_LANGUAGE_STANDARD = "gnu++17";
				CLANG_CXX_LIBRARY = "libc++";
				CLANG_ENABLE_MODULES = YES;
				CLANG_ENABLE_OBJC_ARC = YES;
				CLANG_ENABLE_OBJC_WEAK = YES;
				CLANG_WARN_BLOCK_CAPTURE_AUTORELEASING = YES;
				CLANG_WARN_BOOL_CONVERSION = YES;
				CLANG_WARN_COMMA = YES;
				CLANG_WARN_CONSTANT_CONVERSION = YES;
				CLANG_WARN_DEPRECATED_OBJC_IMPLEMENTATIONS = YES;
				CLANG_WARN_DIRECT_OBJC_ISA_USAGE = YES_ERROR;
				CLANG_WARN_DOCUMENTATION_COMMENTS = YES;
				CLANG_WARN_EMPTY_BODY = YES;
				CLANG_WARN_ENUM_CONVERSION = YES;
				CLANG_WARN_INFINITE_RECURSION = YES;
				CLANG_WARN_INT_CONVERSION = YES;
				CLANG_WARN_NON_LITERAL_NULL_CONVERSION = YES;
				CLANG_WARN_OBJC_IMPLICIT_RETAIN_SELF = YES;
				CLANG_WARN_OBJC_LITERAL_CONVERSION = YES;
				CLANG_WARN_OBJC_ROOT_CLASS = YES_ERROR;
				CLANG_WARN_QUOTED_INCLUDE_IN_FRAMEWORK_HEADER = YES;
				CLANG_WARN_RANGE_LOOP_ANALYSIS = YES;
				CLANG_WARN_STRICT_PROTOTYPES = YES;
				CLANG_WARN_SUSPICIOUS_MOVE = YES;
				CLANG_WARN_UNGUARDED_AVAILABILITY = YES_AGGRESSIVE;
				CLANG_WARN_UNREACHABLE_CODE = YES;
				CLANG_WARN__DUPLICATE_METHOD_MATCH = YES;
				COPY_PHASE_STRIP = NO;
				DEBUG_INFORMATION_FORMAT = "dwarf-with-dsym";
				ENABLE_NS_ASSERTIONS = NO;
				ENABLE_STRICT_OBJC_MSGSEND = YES;
				GCC_C_LANGUAGE_STANDARD = gnu11;
				GCC_NO_COMMON_BLOCKS = YES;
				GCC_WARN_64_TO_32_BIT_CONVERSION = YES;
				GCC_WARN_ABOUT_RETURN_TYPE = YES_ERROR;
				GCC_WARN_UNDECLARED_SELECTOR = YES;
				GCC_WARN_UNINITIALIZED_AUTOS = YES_AGGRESSIVE;
				GCC_WARN_UNUSED_FUNCTION = YES;
				GCC_WARN_UNUSED_VARIABLE = YES;
				MTL_ENABLE_DEBUG_INFO = NO;
				MTL_FAST_MATH = YES;
				SDKROOT = iphoneos;
				SWIFT_COMPILATION_MODE = wholemodule;
				SWIFT_OPTIMIZATION_LEVEL = "-O";
				VALIDATE_PRODUCT = YES;
			};
			name = Release;
		};
		637C58F3272C875C00895ACC /* Debug */ = {
			isa = XCBuildConfiguration;
			buildSettings = {
				ASSETCATALOG_COMPILER_COMPLICATION_NAME = Complication;
				CODE_SIGN_STYLE = Automatic;
				CURRENT_PROJECT_VERSION = 1;
				DEVELOPMENT_ASSET_PATHS = "\"InzidenzMonitor WatchKit Extension/Preview Content\"";
				DEVELOPMENT_TEAM = 825AVCNJ6N;
				ENABLE_PREVIEWS = YES;
				GENERATE_INFOPLIST_FILE = YES;
				INFOPLIST_FILE = "InzidenzMonitor WatchKit Extension/Info.plist";
				INFOPLIST_KEY_CFBundleDisplayName = "InzidenzMonitor WatchKit Extension";
				INFOPLIST_KEY_CLKComplicationPrincipalClass = "$(PRODUCT_MODULE_NAME).ComplicationController";
				INFOPLIST_KEY_NSHumanReadableCopyright = "";
				INFOPLIST_KEY_WKWatchOnly = YES;
				LD_RUNPATH_SEARCH_PATHS = (
					"$(inherited)",
					"@executable_path/Frameworks",
					"@executable_path/../../Frameworks",
				);
				MARKETING_VERSION = 1.0;
				PRODUCT_BUNDLE_IDENTIFIER = de.markusullmann.InzidenzMonitor.watchkitapp.watchkitextension;
				PRODUCT_NAME = "${TARGET_NAME}";
				SDKROOT = watchos;
				SKIP_INSTALL = YES;
				SWIFT_EMIT_LOC_STRINGS = YES;
				SWIFT_VERSION = 5.0;
				TARGETED_DEVICE_FAMILY = 4;
				WATCHOS_DEPLOYMENT_TARGET = 8.0;
			};
			name = Debug;
		};
		637C58F4272C875C00895ACC /* Release */ = {
			isa = XCBuildConfiguration;
			buildSettings = {
				ASSETCATALOG_COMPILER_COMPLICATION_NAME = Complication;
				CODE_SIGN_STYLE = Automatic;
				CURRENT_PROJECT_VERSION = 1;
				DEVELOPMENT_ASSET_PATHS = "\"InzidenzMonitor WatchKit Extension/Preview Content\"";
				DEVELOPMENT_TEAM = 825AVCNJ6N;
				ENABLE_PREVIEWS = YES;
				GENERATE_INFOPLIST_FILE = YES;
				INFOPLIST_FILE = "InzidenzMonitor WatchKit Extension/Info.plist";
				INFOPLIST_KEY_CFBundleDisplayName = "InzidenzMonitor WatchKit Extension";
				INFOPLIST_KEY_CLKComplicationPrincipalClass = "$(PRODUCT_MODULE_NAME).ComplicationController";
				INFOPLIST_KEY_NSHumanReadableCopyright = "";
				INFOPLIST_KEY_WKWatchOnly = YES;
				LD_RUNPATH_SEARCH_PATHS = (
					"$(inherited)",
					"@executable_path/Frameworks",
					"@executable_path/../../Frameworks",
				);
				MARKETING_VERSION = 1.0;
				PRODUCT_BUNDLE_IDENTIFIER = de.markusullmann.InzidenzMonitor.watchkitapp.watchkitextension;
				PRODUCT_NAME = "${TARGET_NAME}";
				SDKROOT = watchos;
				SKIP_INSTALL = YES;
				SWIFT_EMIT_LOC_STRINGS = YES;
				SWIFT_VERSION = 5.0;
				TARGETED_DEVICE_FAMILY = 4;
				WATCHOS_DEPLOYMENT_TARGET = 8.0;
			};
			name = Release;
		};
		637C58F7272C875C00895ACC /* Debug */ = {
			isa = XCBuildConfiguration;
			buildSettings = {
				ALWAYS_EMBED_SWIFT_STANDARD_LIBRARIES = YES;
				ASSETCATALOG_COMPILER_APPICON_NAME = AppIcon;
				ASSETCATALOG_COMPILER_GLOBAL_ACCENT_COLOR_NAME = AccentColor;
				CODE_SIGN_STYLE = Automatic;
				CURRENT_PROJECT_VERSION = 1;
				DEVELOPMENT_TEAM = 825AVCNJ6N;
				GENERATE_INFOPLIST_FILE = YES;
				IBSC_MODULE = InzidenzMonitor_WatchKit_Extension;
				INFOPLIST_KEY_CFBundleDisplayName = "InzidenzMonitor WatchKit App";
				INFOPLIST_KEY_UISupportedInterfaceOrientations = "UIInterfaceOrientationPortrait UIInterfaceOrientationPortraitUpsideDown";
				MARKETING_VERSION = 1.0;
				PRODUCT_BUNDLE_IDENTIFIER = de.markusullmann.InzidenzMonitor.watchkitapp;
				PRODUCT_NAME = "$(TARGET_NAME)";
				SDKROOT = watchos;
				SKIP_INSTALL = YES;
				SWIFT_EMIT_LOC_STRINGS = YES;
				SWIFT_VERSION = 5.0;
				TARGETED_DEVICE_FAMILY = 4;
				WATCHOS_DEPLOYMENT_TARGET = 8.0;
			};
			name = Debug;
		};
		637C58F8272C875C00895ACC /* Release */ = {
			isa = XCBuildConfiguration;
			buildSettings = {
				ALWAYS_EMBED_SWIFT_STANDARD_LIBRARIES = YES;
				ASSETCATALOG_COMPILER_APPICON_NAME = AppIcon;
				ASSETCATALOG_COMPILER_GLOBAL_ACCENT_COLOR_NAME = AccentColor;
				CODE_SIGN_STYLE = Automatic;
				CURRENT_PROJECT_VERSION = 1;
				DEVELOPMENT_TEAM = 825AVCNJ6N;
				GENERATE_INFOPLIST_FILE = YES;
				IBSC_MODULE = InzidenzMonitor_WatchKit_Extension;
				INFOPLIST_KEY_CFBundleDisplayName = "InzidenzMonitor WatchKit App";
				INFOPLIST_KEY_UISupportedInterfaceOrientations = "UIInterfaceOrientationPortrait UIInterfaceOrientationPortraitUpsideDown";
				MARKETING_VERSION = 1.0;
				PRODUCT_BUNDLE_IDENTIFIER = de.markusullmann.InzidenzMonitor.watchkitapp;
				PRODUCT_NAME = "$(TARGET_NAME)";
				SDKROOT = watchos;
				SKIP_INSTALL = YES;
				SWIFT_EMIT_LOC_STRINGS = YES;
				SWIFT_VERSION = 5.0;
				TARGETED_DEVICE_FAMILY = 4;
				WATCHOS_DEPLOYMENT_TARGET = 8.0;
			};
			name = Release;
		};
		637C58FB272C875C00895ACC /* Debug */ = {
			isa = XCBuildConfiguration;
			buildSettings = {
				CODE_SIGN_STYLE = Automatic;
				CURRENT_PROJECT_VERSION = 1;
				DEVELOPMENT_TEAM = 825AVCNJ6N;
				MARKETING_VERSION = 1.0;
				PRODUCT_BUNDLE_IDENTIFIER = de.markusullmann.InzidenzMonitor;
				PRODUCT_NAME = "$(TARGET_NAME)";
				SWIFT_VERSION = 5.0;
			};
			name = Debug;
		};
		637C58FC272C875C00895ACC /* Release */ = {
			isa = XCBuildConfiguration;
			buildSettings = {
				CODE_SIGN_STYLE = Automatic;
				CURRENT_PROJECT_VERSION = 1;
				DEVELOPMENT_TEAM = 825AVCNJ6N;
				MARKETING_VERSION = 1.0;
				PRODUCT_BUNDLE_IDENTIFIER = de.markusullmann.InzidenzMonitor;
				PRODUCT_NAME = "$(TARGET_NAME)";
				SWIFT_VERSION = 5.0;
			};
			name = Release;
		};
		637C58FE272C875C00895ACC /* Debug */ = {
			isa = XCBuildConfiguration;
			buildSettings = {
				ALWAYS_EMBED_SWIFT_STANDARD_LIBRARIES = YES;
				BUNDLE_LOADER = "$(TEST_HOST)";
				CODE_SIGN_STYLE = Automatic;
				CURRENT_PROJECT_VERSION = 1;
				DEVELOPMENT_TEAM = 825AVCNJ6N;
				GENERATE_INFOPLIST_FILE = YES;
				LD_RUNPATH_SEARCH_PATHS = (
					"$(inherited)",
					"@executable_path/Frameworks",
					"@loader_path/Frameworks",
				);
				MARKETING_VERSION = 1.0;
				PRODUCT_BUNDLE_IDENTIFIER = de.markusullmann.InzidenzMonitorTests;
				PRODUCT_NAME = "$(TARGET_NAME)";
				SDKROOT = watchos;
				SWIFT_EMIT_LOC_STRINGS = NO;
				SWIFT_VERSION = 5.0;
				TARGETED_DEVICE_FAMILY = 4;
				TEST_HOST = "$(BUILT_PRODUCTS_DIR)/InzidenzMonitor WatchKit Extension.appex/InzidenzMonitor WatchKit Extension";
				WATCHOS_DEPLOYMENT_TARGET = 8.0;
			};
			name = Debug;
		};
		637C58FF272C875C00895ACC /* Release */ = {
			isa = XCBuildConfiguration;
			buildSettings = {
				ALWAYS_EMBED_SWIFT_STANDARD_LIBRARIES = YES;
				BUNDLE_LOADER = "$(TEST_HOST)";
				CODE_SIGN_STYLE = Automatic;
				CURRENT_PROJECT_VERSION = 1;
				DEVELOPMENT_TEAM = 825AVCNJ6N;
				GENERATE_INFOPLIST_FILE = YES;
				LD_RUNPATH_SEARCH_PATHS = (
					"$(inherited)",
					"@executable_path/Frameworks",
					"@loader_path/Frameworks",
				);
				MARKETING_VERSION = 1.0;
				PRODUCT_BUNDLE_IDENTIFIER = de.markusullmann.InzidenzMonitorTests;
				PRODUCT_NAME = "$(TARGET_NAME)";
				SDKROOT = watchos;
				SWIFT_EMIT_LOC_STRINGS = NO;
				SWIFT_VERSION = 5.0;
				TARGETED_DEVICE_FAMILY = 4;
				TEST_HOST = "$(BUILT_PRODUCTS_DIR)/InzidenzMonitor WatchKit Extension.appex/InzidenzMonitor WatchKit Extension";
				WATCHOS_DEPLOYMENT_TARGET = 8.0;
			};
			name = Release;
		};
		637C5901272C875C00895ACC /* Debug */ = {
			isa = XCBuildConfiguration;
			buildSettings = {
				CODE_SIGN_STYLE = Automatic;
				CURRENT_PROJECT_VERSION = 1;
				DEVELOPMENT_TEAM = 825AVCNJ6N;
				GENERATE_INFOPLIST_FILE = YES;
				LD_RUNPATH_SEARCH_PATHS = (
					"$(inherited)",
					"@executable_path/Frameworks",
					"@loader_path/Frameworks",
				);
				MARKETING_VERSION = 1.0;
				PRODUCT_BUNDLE_IDENTIFIER = de.markusullmann.InzidenzMonitorUITests;
				PRODUCT_NAME = "$(TARGET_NAME)";
				SDKROOT = watchos;
				SWIFT_EMIT_LOC_STRINGS = NO;
				SWIFT_VERSION = 5.0;
				TARGETED_DEVICE_FAMILY = 4;
				TEST_TARGET_NAME = "InzidenzMonitor WatchKit App";
				WATCHOS_DEPLOYMENT_TARGET = 8.0;
			};
			name = Debug;
		};
		637C5902272C875C00895ACC /* Release */ = {
			isa = XCBuildConfiguration;
			buildSettings = {
				CODE_SIGN_STYLE = Automatic;
				CURRENT_PROJECT_VERSION = 1;
				DEVELOPMENT_TEAM = 825AVCNJ6N;
				GENERATE_INFOPLIST_FILE = YES;
				LD_RUNPATH_SEARCH_PATHS = (
					"$(inherited)",
					"@executable_path/Frameworks",
					"@loader_path/Frameworks",
				);
				MARKETING_VERSION = 1.0;
				PRODUCT_BUNDLE_IDENTIFIER = de.markusullmann.InzidenzMonitorUITests;
				PRODUCT_NAME = "$(TARGET_NAME)";
				SDKROOT = watchos;
				SWIFT_EMIT_LOC_STRINGS = NO;
				SWIFT_VERSION = 5.0;
				TARGETED_DEVICE_FAMILY = 4;
				TEST_TARGET_NAME = "InzidenzMonitor WatchKit App";
				WATCHOS_DEPLOYMENT_TARGET = 8.0;
			};
			name = Release;
		};
/* End XCBuildConfiguration section */

/* Begin XCConfigurationList section */
		637C58B2272C875900895ACC /* Build configuration list for PBXProject "InzidenzMonitor" */ = {
			isa = XCConfigurationList;
			buildConfigurations = (
				637C58F0272C875C00895ACC /* Debug */,
				637C58F1272C875C00895ACC /* Release */,
			);
			defaultConfigurationIsVisible = 0;
			defaultConfigurationName = Release;
		};
		637C58F2272C875C00895ACC /* Build configuration list for PBXNativeTarget "InzidenzMonitor WatchKit Extension" */ = {
			isa = XCConfigurationList;
			buildConfigurations = (
				637C58F3272C875C00895ACC /* Debug */,
				637C58F4272C875C00895ACC /* Release */,
			);
			defaultConfigurationIsVisible = 0;
			defaultConfigurationName = Release;
		};
		637C58F6272C875C00895ACC /* Build configuration list for PBXNativeTarget "InzidenzMonitor WatchKit App" */ = {
			isa = XCConfigurationList;
			buildConfigurations = (
				637C58F7272C875C00895ACC /* Debug */,
				637C58F8272C875C00895ACC /* Release */,
			);
			defaultConfigurationIsVisible = 0;
			defaultConfigurationName = Release;
		};
		637C58FA272C875C00895ACC /* Build configuration list for PBXNativeTarget "InzidenzMonitor" */ = {
			isa = XCConfigurationList;
			buildConfigurations = (
				637C58FB272C875C00895ACC /* Debug */,
				637C58FC272C875C00895ACC /* Release */,
			);
			defaultConfigurationIsVisible = 0;
			defaultConfigurationName = Release;
		};
		637C58FD272C875C00895ACC /* Build configuration list for PBXNativeTarget "InzidenzMonitorTests" */ = {
			isa = XCConfigurationList;
			buildConfigurations = (
				637C58FE272C875C00895ACC /* Debug */,
				637C58FF272C875C00895ACC /* Release */,
			);
			defaultConfigurationIsVisible = 0;
			defaultConfigurationName = Release;
		};
		637C5900272C875C00895ACC /* Build configuration list for PBXNativeTarget "InzidenzMonitorUITests" */ = {
			isa = XCConfigurationList;
			buildConfigurations = (
				637C5901272C875C00895ACC /* Debug */,
				637C5902272C875C00895ACC /* Release */,
			);
			defaultConfigurationIsVisible = 0;
			defaultConfigurationName = Release;
		};
/* End XCConfigurationList section */
	};
	rootObject = 637C58AF272C875900895ACC /* Project object */;
}
